
Microsoft Visual Studio Solution File, Format Version 12.00
# Visual Studio Version 16
VisualStudioVersion = 16.0.30907.101
MinimumVisualStudioVersion = 10.0.40219.1
Project("{9A19103F-16F7-4668-BE54-9A1E7A4F7556}") = "SealNpmExample", "SealNpmExample\SealNpmExample.csproj", "{75141F58-E57C-4ABF-BF19-DDF40407F6EA}"
EndProject
Global
	GlobalSection(SolutionConfigurationPlatforms) = preSolution
		Debug|Any CPU = Debug|Any CPU
		Release|Any CPU = Release|Any CPU
	EndGlobalSection
	GlobalSection(ProjectConfigurationPlatforms) = postSolution
		{75141F58-E57C-4ABF-BF19-DDF40407F6EA}.Debug|Any CPU.ActiveCfg = Debug|Any CPU
		{75141F58-E57C-4ABF-BF19-DDF40407F6EA}.Debug|Any CPU.Build.0 = Debug|Any CPU
		{75141F58-E57C-4ABF-BF19-DDF40407F6EA}.Release|Any CPU.ActiveCfg = Release|Any CPU
		{75141F58-E57C-4ABF-BF19-DDF40407F6EA}.Release|Any CPU.Build.0 = Release|Any CPU
	EndGlobalSection
	GlobalSection(SolutionProperties) = preSolution
		HideSolutionNode = FALSE
	EndGlobalSection
	GlobalSection(ExtensibilityGlobals) = postSolution
		SolutionGuid = {A0AF9134-BF99-4AD6-9124-FAFD7D151193}
	EndGlobalSection
EndGlobal
